version = 1
revision = 3
requires-python = ">=3.10"

[manifest]
members = [
    "access-fpt-cloud",
    "creating-agents",
]

[[package]]
name = "access-fpt-cloud"
version = "0.1.0"
source = { virtual = ".claude/skills/access-fpt-cloud" }
dependencies = [
    { name = "playwright" },
]

[package.metadata]
requires-dist = [{ name = "playwright", specifier = ">=1.58.0" }]

[[package]]
name = "click"
version = "8.3.2"
source = { registry = "https://pypi.org/simple" }
dependencies = [
    { name = "colorama", marker = "sys_platform == 'win32'" },
]
sdist = { url = "https://files.pythonhosted.org/packages/57/75/31212c6bf2503fdf920d87fee5d7a86a2e3bcf444984126f13d8e4016804/click-8.3.2.tar.gz", hash = "sha256:14162b8b3b3550a7d479eafa77dfd3c38d9dc8951f6f69c78913a8f9a7540fd5", size = 302856, upload-time = "2026-04-03T19:14:45.118Z" }
wheels = [
    { url = "https://files.pythonhosted.org/packages/e4/20/71885d8b97d4f3dde17b1fdb92dbd4908b00541c5a3379787137285f602e/click-8.3.2-py3-none-any.whl", hash = "sha256:1924d2c27c5653561cd2cae4548d1406039cb79b858b747cfea24924bbc1616d", size = 108379, upload-time = "2026-04-03T19:14:43.505Z" },
]

[[package]]
name = "colorama"
version = "0.4.6"
source = { registry = "https://pypi.org/simple" }
sdist = { url = "https://files.pythonhosted.org/packages/d8/53/6f443c9a4a8358a93a6792e2acffb9d9d5cb0a5cfd8802644b7b1c9a02e4/colorama-0.4.6.tar.gz", hash = "sha256:08695f5cb7ed6e0531a20572697297273c47b8cae5a63ffc6d6ed5c201be6e44", size = 27697, upload-time = "2022-10-25T02:36:22.414Z" }
wheels = [
    { url = "https://files.pythonhosted.org/packages/d1/d6/3965ed04c63042e047cb6a3e6ed1a63a35087b6a609aa3a15ed8ac56c221/colorama-0.4.6-py2.py3-none-any.whl", hash = "sha256:4f1d9991f5acc0ca119f9d443620b77f9d6b33703e51011c16baf57afb285fc6", size = 25335, upload-time = "2022-10-25T02:36:20.889Z" },
]

[[package]]
name = "creating-agents"
version = "0.1.0"
source = { virtual = "." }
dependencies = [
    { name = "reva" },
]

[package.metadata]
requires-dist = [{ name = "reva", editable = "cli" }]

[[package]]
name = "greenlet"
version = "3.4.0"
source = { registry = "https://pypi.org/simple" }
sdist = { url = "https://files.pythonhosted.org/packages/86/94/a5935717b307d7c71fe877b52b884c6af707d2d2090db118a03fbd799369/greenlet-3.4.0.tar.gz", hash = "sha256:f50a96b64dafd6169e595a5c56c9146ef80333e67d4476a65a9c55f400fc22ff", size = 195913, upload-time = "2026-04-08T17:08:00.863Z" }
wheels = [
    { url = "https://files.pythonhosted.org/packages/0c/bc/e30e1e3d5e8860b0e0ce4d2b16b2681b77fd13542fc0d72f7e3c22d16eff/greenlet-3.4.0-cp310-cp310-macosx_11_0_universal2.whl", hash = "sha256:d18eae9a7fb0f499efcd146b8c9750a2e1f6e0e93b5a382b3481875354a430e6", size = 284315, upload-time = "2026-04-08T17:02:52.322Z" },
    { url = "https://files.pythonhosted.org/packages/5b/cc/e023ae1967d2a26737387cac083e99e47f65f58868bd155c4c80c01ec4e0/greenlet-3.4.0-cp310-cp310-manylinux_2_24_aarch64.manylinux_2_28_aarch64.whl", hash = "sha256:636d2f95c309e35f650e421c23297d5011716be15d966e6328b367c9fc513a82", size = 601916, upload-time = "2026-04-08T16:24:35.533Z" },
    { url = "https://files.pythonhosted.org/packages/67/32/5be1677954b6d8810b33abe94e3eb88726311c58fa777dc97e390f7caf5a/greenlet-3.4.0-cp310-cp310-manylinux_2_24_ppc64le.manylinux_2_28_ppc64le.whl", hash = "sha256:234582c20af9742583c3b2ddfbdbb58a756cfff803763ffaae1ac7990a9fac31", size = 616399, upload-time = "2026-04-08T16:30:54.536Z" },
    { url = "https://files.pythonhosted.org/packages/82/0a/3a4af092b09ea02bcda30f33fd7db397619132fe52c6ece24b9363130d34/greenlet-3.4.0-cp310-cp310-manylinux_2_24_s390x.manylinux_2_28_s390x.whl", hash = "sha256:ac6a5f618be581e1e0713aecec8e54093c235e5fa17d6d8eb7ffc487e2300508", size = 621077, upload-time = "2026-04-08T16:40:34.946Z" },
    { url = "https://files.pythonhosted.org/packages/74/bf/2d58d5ea515704f83e34699128c9072a34bea27d2b6a556e102105fe62a5/greenlet-3.4.0-cp310-cp310-manylinux_2_24_x86_64.manylinux_2_28_x86_64.whl", hash = "sha256:523677e69cd4711b5a014e37bc1fb3a29947c3e3a5bb6a527e1cc50312e5a398", size = 611978, upload-time = "2026-04-08T15:56:31.335Z" },
    { url = "https://files.pythonhosted.org/packages/8c/39/3786520a7d5e33ee87b3da2531f589a3882abf686a42a3773183a41ef010/greenlet-3.4.0-cp310-cp310-manylinux_2_39_riscv64.whl", hash = "sha256:d336d46878e486de7d9458653c722875547ac8d36a1cff9ffaf4a74a3c1f62eb", size = 416893, upload-time = "2026-04-08T16:43:02.392Z" },
    { url = "https://files.pythonhosted.org/packages/bd/69/6525049b6c179d8a923256304d8387b8bdd4acab1acf0407852463c6d514/greenlet-3.4.0-cp310-cp310-musllinux_1_2_aarch64.whl", hash = "sha256:b45e45fe47a19051a396abb22e19e7836a59ee6c5a90f3be427343c37908d65b", size = 1571957, upload-time = "2026-04-08T16:26:17.041Z" },
    { url = "https://files.pythonhosted.org/packages/4e/6c/bbfb798b05fec736a0d24dc23e81b45bcee87f45a83cfb39db031853bddc/greenlet-3.4.0-cp310-cp310-musllinux_1_2_x86_64.whl", hash = "sha256:5434271357be07f3ad0936c312645853b7e689e679e29310e2de09a9ea6c3adf", size = 1637223, upload-time = "2026-04-08T15:57:27.556Z" },
    { url = "https://files.pythonhosted.org/packages/b7/7d/981fe0e7c07bd9d5e7eb18decb8590a11e3955878291f7a7de2e9c668eb7/greenlet-3.4.0-cp310-cp310-win_amd64.whl", hash = "sha256:a19093fbad824ed7c0f355b5ff4214bffda5f1a7f35f29b31fcaa240cc0135ab", size = 237902, upload-time = "2026-04-08T17:03:14.16Z" },
    { url = "https://files.pythonhosted.org/packages/fb/c6/dba32cab7e3a625b011aa5647486e2d28423a48845a2998c126dd69c85e1/greenlet-3.4.0-cp311-cp311-macosx_11_0_universal2.whl", hash = "sha256:805bebb4945094acbab757d34d6e1098be6de8966009ab9ca54f06ff492def58", size = 285504, upload-time = "2026-04-08T15:52:14.071Z" },
    { url = "https://files.pythonhosted.org/packages/54/f4/7cb5c2b1feb9a1f50e038be79980dfa969aa91979e5e3a18fdbcfad2c517/greenlet-3.4.0-cp311-cp311-manylinux_2_24_aarch64.manylinux_2_28_aarch64.whl", hash = "sha256:439fc2f12b9b512d9dfa681c5afe5f6b3232c708d13e6f02c845e0d9f4c2d8c6", size = 605476, upload-time = "2026-04-08T16:24:37.064Z" },
    { url = "https://files.pythonhosted.org/packages/d6/af/b66ab0b2f9a4c5a867c136bf66d9599f34f21a1bcca26a2884a29c450bd9/greenlet-3.4.0-cp311-cp311-manylinux_2_24_ppc64le.manylinux_2_28_ppc64le.whl", hash = "sha256:a70ed1cb0295bee1df57b63bf7f46b4e56a5c93709eea769c1fec1bb23a95875", size = 618336, upload-time = "2026-04-08T16:30:56.59Z" },
    { url = "https://files.pythonhosted.org/packages/6d/31/56c43d2b5de476f77d36ceeec436328533bff960a4cba9a07616e93063ab/greenlet-3.4.0-cp311-cp311-manylinux_2_24_s390x.manylinux_2_28_s390x.whl", hash = "sha256:8c5696c42e6bb5cfb7c6ff4453789081c66b9b91f061e5e9367fa15792644e76", size = 625045, upload-time = "2026-04-08T16:40:37.111Z" },
    { url = "https://files.pythonhosted.org/packages/e5/5c/8c5633ece6ba611d64bf2770219a98dd439921d6424e4e8cf16b0ac74ea5/greenlet-3.4.0-cp311-cp311-manylinux_2_24_x86_64.manylinux_2_28_x86_64.whl", hash = "sha256:c660bce1940a1acae5f51f0a064f1bc785d07ea16efcb4bc708090afc4d69e83", size = 613515, upload-time = "2026-04-08T15:56:32.478Z" },
    { url = "https://files.pythonhosted.org/packages/80/ca/704d4e2c90acb8bdf7ae593f5cbc95f58e82de95cc540fb75631c1054533/greenlet-3.4.0-cp311-cp311-manylinux_2_39_riscv64.whl", hash = "sha256:89995ce5ddcd2896d89615116dd39b9703bfa0c07b583b85b89bf1b5d6eddf81", size = 419745, upload-time = "2026-04-08T16:43:04.022Z" },
    { url = "https://files.pythonhosted.org/packages/a9/df/950d15bca0d90a0e7395eb777903060504cdb509b7b705631e8fb69ff415/greenlet-3.4.0-cp311-cp311-musllinux_1_2_aarch64.whl", hash = "sha256:ee407d4d1ca9dc632265aee1c8732c4a2d60adff848057cdebfe5fe94eb2c8a2", size = 1574623, upload-time = "2026-04-08T16:26:18.596Z" },
    { url = "https://files.pythonhosted.org/packages/1a/e7/0839afab829fcb7333c9ff6d80c040949510055d2d4d63251f0d1c7c804e/greenlet-3.4.0-cp311-cp311-musllinux_1_2_x86_64.whl", hash = "sha256:956215d5e355fffa7c021d168728321fd4d31fd730ac609b1653b450f6a4bc71", size = 1639579, upload-time = "2026-04-08T15:57:29.231Z" },
    { url = "https://files.pythonhosted.org/packages/d9/2b/b4482401e9bcaf9f5c97f67ead38db89c19520ff6d0d6699979c6efcc200/greenlet-3.4.0-cp311-cp311-win_amd64.whl", hash = "sha256:5cb614ace7c27571270354e9c9f696554d073f8aa9319079dcba466bbdead711", size = 238233, upload-time = "2026-04-08T17:02:54.286Z" },
    { url = "https://files.pythonhosted.org/packages/0c/4d/d8123a4e0bcd583d5cfc8ddae0bbe29c67aab96711be331a7cc935a35966/greenlet-3.4.0-cp311-cp311-win_arm64.whl", hash = "sha256:04403ac74fe295a361f650818de93be11b5038a78f49ccfb64d3b1be8fbf1267", size = 235045, upload-time = "2026-04-08T17:04:05.072Z" },
    { url = "https://files.pythonhosted.org/packages/65/8b/3669ad3b3f247a791b2b4aceb3aa5a31f5f6817bf547e4e1ff712338145a/greenlet-3.4.0-cp312-cp312-macosx_11_0_universal2.whl", hash = "sha256:1a54a921561dd9518d31d2d3db4d7f80e589083063ab4d3e2e950756ef809e1a", size = 286902, upload-time = "2026-04-08T15:52:12.138Z" },
    { url = "https://files.pythonhosted.org/packages/38/3e/3c0e19b82900873e2d8469b590a6c4b3dfd2b316d0591f1c26b38a4879a5/greenlet-3.4.0-cp312-cp312-manylinux_2_24_aarch64.manylinux_2_28_aarch64.whl", hash = "sha256:16dec271460a9a2b154e3b1c2fa1050ce6280878430320e85e08c166772e3f97", size = 606099, upload-time = "2026-04-08T16:24:38.408Z" },
    { url = "https://files.pythonhosted.org/packages/b5/33/99fef65e7754fc76a4ed14794074c38c9ed3394a5bd129d7f61b705f3168/greenlet-3.4.0-cp312-cp312-manylinux_2_24_ppc64le.manylinux_2_28_ppc64le.whl", hash = "sha256:90036ce224ed6fe75508c1907a77e4540176dcf0744473627785dd519c6f9996", size = 618837, upload-time = "2026-04-08T16:30:58.298Z" },
    { url = "https://files.pythonhosted.org/packages/44/57/eae2cac10421feae6c0987e3dc106c6d86262b1cb379e171b017aba893a6/greenlet-3.4.0-cp312-cp312-manylinux_2_24_s390x.manylinux_2_28_s390x.whl", hash = "sha256:6f0def07ec9a71d72315cf26c061aceee53b306c36ed38c35caba952ea1b319d", size = 624901, upload-time = "2026-04-08T16:40:38.981Z" },
    { url = "https://files.pythonhosted.org/packages/36/f7/229f3aed6948faa20e0616a0b8568da22e365ede6a54d7d369058b128afd/greenlet-3.4.0-cp312-cp312-manylinux_2_24_x86_64.manylinux_2_28_x86_64.whl", hash = "sha256:a1c4f6b453006efb8310affb2d132832e9bbb4fc01ce6df6b70d810d38f1f6dc", size = 615062, upload-time = "2026-04-08T15:56:33.766Z" },
    { url = "https://files.pythonhosted.org/packages/6a/8a/0e73c9b94f31d1cc257fe79a0eff621674141cdae7d6d00f40de378a1e42/greenlet-3.4.0-cp312-cp312-manylinux_2_39_riscv64.whl", hash = "sha256:0e1254cf0cbaa17b04320c3a78575f29f3c161ef38f59c977108f19ffddaf077", size = 423927, upload-time = "2026-04-08T16:43:05.293Z" },
    { url = "https://files.pythonhosted.org/packages/08/97/d988180011aa40135c46cd0d0cf01dd97f7162bae14139b4a3ef54889ba5/greenlet-3.4.0-cp312-cp312-musllinux_1_2_aarch64.whl", hash = "sha256:9b2d9a138ffa0e306d0e2b72976d2fb10b97e690d40ab36a472acaab0838e2de", size = 1573511, upload-time = "2026-04-08T16:26:20.058Z" },
    { url = "https://files.pythonhosted.org/packages/d4/0f/a5a26fe152fb3d12e6a474181f6e9848283504d0afd095f353d85726374b/greenlet-3.4.0-cp312-cp312-musllinux_1_2_x86_64.whl", hash = "sha256:8424683caf46eb0eb6f626cb95e008e8cc30d0cb675bdfa48200925c79b38a08", size = 1640396, upload-time = "2026-04-08T15:57:30.88Z" },
    { url = "https://files.pythonhosted.org/packages/42/cf/bb2c32d9a100e36ee9f6e38fad6b1e082b8184010cb06259b49e1266ca01/greenlet-3.4.0-cp312-cp312-win_amd64.whl", hash = "sha256:a0a53fb071531d003b075c444014ff8f8b1a9898d36bb88abd9ac7b3524648a2", size = 238892, upload-time = "2026-04-08T17:03:10.094Z" },
    { url = "https://files.pythonhosted.org/packages/b7/47/6c41314bac56e71436ce551c7fbe3cc830ed857e6aa9708dbb9c65142eb6/greenlet-3.4.0-cp312-cp312-win_arm64.whl", hash = "sha256:f38b81880ba28f232f1f675893a39cf7b6db25b31cc0a09bb50787ecf957e85e", size = 235599, upload-time = "2026-04-08T15:52:54.3Z" },
    { url = "https://files.pythonhosted.org/packages/7a/75/7e9cd1126a1e1f0cd67b0eda02e5221b28488d352684704a78ed505bd719/greenlet-3.4.0-cp313-cp313-macosx_11_0_universal2.whl", hash = "sha256:43748988b097f9c6f09364f260741aa73c80747f63389824435c7a50bfdfd5c1", size = 285856, upload-time = "2026-04-08T15:52:45.82Z" },
    { url = "https://files.pythonhosted.org/packages/9d/c4/3e2df392e5cb199527c4d9dbcaa75c14edcc394b45040f0189f649631e3c/greenlet-3.4.0-cp313-cp313-manylinux_2_24_aarch64.manylinux_2_28_aarch64.whl", hash = "sha256:5566e4e2cd7a880e8c27618e3eab20f3494452d12fd5129edef7b2f7aa9a36d1", size = 610208, upload-time = "2026-04-08T16:24:39.674Z" },
    { url = "https://files.pythonhosted.org/packages/da/af/750cdfda1d1bd30a6c28080245be8d0346e669a98fdbae7f4102aa95fff3/greenlet-3.4.0-cp313-cp313-manylinux_2_24_ppc64le.manylinux_2_28_ppc64le.whl", hash = "sha256:1054c5a3c78e2ab599d452f23f7adafef55062a783a8e241d24f3b633ba6ff82", size = 621269, upload-time = "2026-04-08T16:30:59.767Z" },
    { url = "https://files.pythonhosted.org/packages/e0/93/c8c508d68ba93232784bbc1b5474d92371f2897dfc6bc281b419f2e0d492/greenlet-3.4.0-cp313-cp313-manylinux_2_24_s390x.manylinux_2_28_s390x.whl", hash = "sha256:98eedd1803353daf1cd9ef23eef23eda5a4d22f99b1f998d273a8b78b70dd47f", size = 628455, upload-time = "2026-04-08T16:40:40.698Z" },
    { url = "https://files.pythonhosted.org/packages/54/78/0cbc693622cd54ebe25207efbb3a0eb07c2639cb8594f6e3aaaa0bb077a8/greenlet-3.4.0-cp313-cp313-manylinux_2_24_x86_64.manylinux_2_28_x86_64.whl", hash = "sha256:f82cb6cddc27dd81c96b1506f4aa7def15070c3b2a67d4e46fd19016aacce6cf", size = 617549, upload-time = "2026-04-08T15:56:34.893Z" },
    { url = "https://files.pythonhosted.org/packages/7f/46/cfaaa0ade435a60550fd83d07dfd5c41f873a01da17ede5c4cade0b9bab8/greenlet-3.4.0-cp313-cp313-manylinux_2_39_riscv64.whl", hash = "sha256:b7857e2202aae67bc5725e0c1f6403c20a8ff46094ece015e7d474f5f7020b55", size = 426238, upload-time = "2026-04-08T16:43:06.865Z" },
    { url = "https://files.pythonhosted.org/packages/ba/c0/8966767de01343c1ff47e8b855dc78e7d1a8ed2b7b9c83576a57e289f81d/greenlet-3.4.0-cp313-cp313-musllinux_1_2_aarch64.whl", hash = "sha256:227a46251ecba4ff46ae742bc5ce95c91d5aceb4b02f885487aff269c127a729", size = 1575310, upload-time = "2026-04-08T16:26:21.671Z" },
    { url = "https://files.pythonhosted.org/packages/b8/38/bcdc71ba05e9a5fda87f63ffc2abcd1f15693b659346df994a48c968003d/greenlet-3.4.0-cp313-cp313-musllinux_1_2_x86_64.whl", hash = "sha256:5b99e87be7eba788dd5b75ba1cde5639edffdec5f91fe0d734a249535ec3408c", size = 1640435, upload-time = "2026-04-08T15:57:32.572Z" },
    { url = "https://files.pythonhosted.org/packages/a1/c2/19b664b7173b9e4ef5f77e8cef9f14c20ec7fce7920dc1ccd7afd955d093/greenlet-3.4.0-cp313-cp313-win_amd64.whl", hash = "sha256:849f8bc17acd6295fcb5de8e46d55cc0e52381c56eaf50a2afd258e97bc65940", size = 238760, upload-time = "2026-04-08T17:04:03.878Z" },
    { url = "https://files.pythonhosted.org/packages/9b/96/795619651d39c7fbd809a522f881aa6f0ead504cc8201c3a5b789dfaef99/greenlet-3.4.0-cp313-cp313-win_arm64.whl", hash = "sha256:9390ad88b652b1903814eaabd629ca184db15e0eeb6fe8a390bbf8b9106ae15a", size = 235498, upload-time = "2026-04-08T17:05:00.584Z" },
    { url = "https://files.pythonhosted.org/packages/78/02/bde66806e8f169cf90b14d02c500c44cdbe02c8e224c9c67bafd1b8cadd1/greenlet-3.4.0-cp314-cp314-macosx_11_0_universal2.whl", hash = "sha256:10a07aca6babdd18c16a3f4f8880acfffc2b88dfe431ad6aa5f5740759d7d75e", size = 286291, upload-time = "2026-04-08T17:09:34.307Z" },
    { url = "https://files.pythonhosted.org/packages/05/1f/39da1c336a87d47c58352fb8a78541ce63d63ae57c5b9dae1fe02801bbc2/greenlet-3.4.0-cp314-cp314-manylinux_2_24_aarch64.manylinux_2_28_aarch64.whl", hash = "sha256:076e21040b3a917d3ce4ad68fb5c3c6b32f1405616c4a57aa83120979649bd3d", size = 656749, upload-time = "2026-04-08T16:24:41.721Z" },
    { url = "https://files.pythonhosted.org/packages/d3/6c/90ee29a4ee27af7aa2e2ec408799eeb69ee3fcc5abcecac6ddd07a5cd0f2/greenlet-3.4.0-cp314-cp314-manylinux_2_24_ppc64le.manylinux_2_28_ppc64le.whl", hash = "sha256:e82689eea4a237e530bb5cb41b180ef81fa2160e1f89422a67be7d90da67f615", size = 669084, upload-time = "2026-04-08T16:31:01.372Z" },
    { url = "https://files.pythonhosted.org/packages/d2/4a/74078d3936712cff6d3c91a930016f476ce4198d84e224fe6d81d3e02880/greenlet-3.4.0-cp314-cp314-manylinux_2_24_s390x.manylinux_2_28_s390x.whl", hash = "sha256:06c2d3b89e0c62ba50bd7adf491b14f39da9e7e701647cb7b9ff4c99bee04b19", size = 673405, upload-time = "2026-04-08T16:40:42.527Z" },
    { url = "https://files.pythonhosted.org/packages/07/49/d4cad6e5381a50947bb973d2f6cf6592621451b09368b8c20d9b8af49c5b/greenlet-3.4.0-cp314-cp314-manylinux_2_24_x86_64.manylinux_2_28_x86_64.whl", hash = "sha256:4df3b0b2289ec686d3c821a5fee44259c05cfe824dd5e6e12c8e5f5df23085cf", size = 665621, upload-time = "2026-04-08T15:56:35.995Z" },
    { url = "https://files.pythonhosted.org/packages/79/3e/df8a83ab894751bc31e1106fdfaa80ca9753222f106b04de93faaa55feb7/greenlet-3.4.0-cp314-cp314-manylinux_2_39_riscv64.whl", hash = "sha256:070b8bac2ff3b4d9e0ff36a0d19e42103331d9737e8504747cd1e659f76297bd", size = 471670, upload-time = "2026-04-08T16:43:08.512Z" },
    { url = "https://files.pythonhosted.org/packages/37/31/d1edd54f424761b5d47718822f506b435b6aab2f3f93b465441143ea5119/greenlet-3.4.0-cp314-cp314-musllinux_1_2_aarch64.whl", hash = "sha256:8bff29d586ea415688f4cec96a591fcc3bf762d046a796cdadc1fdb6e7f2d5bf", size = 1622259, upload-time = "2026-04-08T16:26:23.201Z" },
    { url = "https://files.pythonhosted.org/packages/b0/c6/6d3f9cdcb21c4e12a79cb332579f1c6aa1af78eb68059c5a957c7812d95e/greenlet-3.4.0-cp314-cp314-musllinux_1_2_x86_64.whl", hash = "sha256:8a569c2fb840c53c13a2b8967c63621fafbd1a0e015b9c82f408c33d626a2fda", size = 1686916, upload-time = "2026-04-08T15:57:34.282Z" },
    { url = "https://files.pythonhosted.org/packages/63/45/c1ca4a1ad975de4727e52d3ffe641ae23e1d7a8ffaa8ff7a0477e1827b92/greenlet-3.4.0-cp314-cp314-win_amd64.whl", hash = "sha256:207ba5b97ea8b0b60eb43ffcacf26969dd83726095161d676aac03ff913ee50d", size = 239821, upload-time = "2026-04-08T17:03:48.423Z" },
    { url = "https://files.pythonhosted.org/packages/71/c4/6f621023364d7e85a4769c014c8982f98053246d142420e0328980933ceb/greenlet-3.4.0-cp314-cp314-win_arm64.whl", hash = "sha256:f8296d4e2b92af34ebde81085a01690f26a51eb9ac09a0fcadb331eb36dbc802", size = 236932, upload-time = "2026-04-08T17:04:33.551Z" },
    { url = "https://files.pythonhosted.org/packages/d4/8f/18d72b629783f5e8d045a76f5325c1e938e659a9e4da79c7dcd10169a48d/greenlet-3.4.0-cp314-cp314t-macosx_11_0_universal2.whl", hash = "sha256:d70012e51df2dbbccfaf63a40aaf9b40c8bed37c3e3a38751c926301ce538ece", size = 294681, upload-time = "2026-04-08T15:52:35.778Z" },
    { url = "https://files.pythonhosted.org/packages/9e/ad/5fa86ec46769c4153820d58a04062285b3b9e10ba3d461ee257b68dcbf53/greenlet-3.4.0-cp314-cp314t-manylinux_2_24_aarch64.manylinux_2_28_aarch64.whl", hash = "sha256:a58bec0751f43068cd40cff31bb3ca02ad6000b3a51ca81367af4eb5abc480c8", size = 658899, upload-time = "2026-04-08T16:24:43.32Z" },
    { url = "https://files.pythonhosted.org/packages/43/f0/4e8174ca0e87ae748c409f055a1ba161038c43cc0a5a6f1433a26ac2e5bf/greenlet-3.4.0-cp314-cp314t-manylinux_2_24_ppc64le.manylinux_2_28_ppc64le.whl", hash = "sha256:05fa0803561028f4b2e3b490ee41216a842eaee11aed004cc343a996d9523aa2", size = 665284, upload-time = "2026-04-08T16:31:02.833Z" },
    { url = "https://files.pythonhosted.org/packages/ef/92/466b0d9afd44b8af623139a3599d651c7564fa4152f25f117e1ee5949ffb/greenlet-3.4.0-cp314-cp314t-manylinux_2_24_s390x.manylinux_2_28_s390x.whl", hash = "sha256:c4cd56a9eb7a6444edbc19062f7b6fbc8f287c663b946e3171d899693b1c19fa", size = 665872, upload-time = "2026-04-08T16:40:43.912Z" },
    { url = "https://files.pythonhosted.org/packages/19/da/991cf7cd33662e2df92a1274b7eb4d61769294d38a1bba8a45f31364845e/greenlet-3.4.0-cp314-cp314t-manylinux_2_24_x86_64.manylinux_2_28_x86_64.whl", hash = "sha256:e60d38719cb80b3ab5e85f9f1aed4960acfde09868af6762ccb27b260d68f4ed", size = 661861, upload-time = "2026-04-08T15:56:37.269Z" },
    { url = "https://files.pythonhosted.org/packages/0d/14/3395a7ef3e260de0325152ddfe19dffb3e49fe10873b94654352b53ad48e/greenlet-3.4.0-cp314-cp314t-manylinux_2_39_riscv64.whl", hash = "sha256:1f85f204c4d54134ae850d401fa435c89cd667d5ce9dc567571776b45941af72", size = 489237, upload-time = "2026-04-08T16:43:09.993Z" },
    { url = "https://files.pythonhosted.org/packages/36/c5/6c2c708e14db3d9caea4b459d8464f58c32047451142fe2cfd90e7458f41/greenlet-3.4.0-cp314-cp314t-musllinux_1_2_aarch64.whl", hash = "sha256:7f50c804733b43eded05ae694691c9aa68bca7d0a867d67d4a3f514742a2d53f", size = 1622182, upload-time = "2026-04-08T16:26:24.777Z" },
    { url = "https://files.pythonhosted.org/packages/7a/4c/50c5fed19378e11a29fabab1f6be39ea95358f4a0a07e115a51ca93385d8/greenlet-3.4.0-cp314-cp314t-musllinux_1_2_x86_64.whl", hash = "sha256:2d4f0635dc4aa638cda4b2f5a07ae9a2cff9280327b581a3fcb6f317b4fbc38a", size = 1685050, upload-time = "2026-04-08T15:57:36.453Z" },
    { url = "https://files.pythonhosted.org/packages/db/72/85ae954d734703ab48e622c59d4ce35d77ce840c265814af9c078cacc7aa/greenlet-3.4.0-cp314-cp314t-win_amd64.whl", hash = "sha256:1a4a48f24681300c640f143ba7c404270e1ebbbcf34331d7104a4ff40f8ea705", size = 245554, upload-time = "2026-04-08T17:03:50.044Z" },
]

[[package]]
name = "linkify-it-py"
version = "2.1.0"
source = { registry = "https://pypi.org/simple" }
dependencies = [
    { name = "uc-micro-py" },
]
sdist = { url = "https://files.pythonhosted.org/packages/2e/c9/06ea13676ef354f0af6169587ae292d3e2406e212876a413bf9eece4eb23/linkify_it_py-2.1.0.tar.gz", hash = "sha256:43360231720999c10e9328dc3691160e27a718e280673d444c38d7d3aaa3b98b", size = 29158, upload-time = "2026-03-01T07:48:47.683Z" }
wheels = [
    { url = "https://files.pythonhosted.org/packages/b4/de/88b3be5c31b22333b3ca2f6ff1de4e863d8fe45aaea7485f591970ec1d3e/linkify_it_py-2.1.0-py3-none-any.whl", hash = "sha256:0d252c1594ecba2ecedc444053db5d3a9b7ec1b0dd929c8f1d74dce89f86c05e", size = 19878, upload-time = "2026-03-01T07:48:46.098Z" },
]

[[package]]
name = "markdown-it-py"
version = "4.0.0"
source = { registry = "https://pypi.org/simple" }
dependencies = [
    { name = "mdurl" },
]
sdist = { url = "https://files.pythonhosted.org/packages/5b/f5/4ec618ed16cc4f8fb3b701563655a69816155e79e24a17b651541804721d/markdown_it_py-4.0.0.tar.gz", hash = "sha256:cb0a2b4aa34f932c007117b194e945bd74e0ec24133ceb5bac59009cda1cb9f3", size = 73070, upload-time = "2025-08-11T12:57:52.854Z" }
wheels = [
    { url = "https://files.pythonhosted.org/packages/94/54/e7d793b573f298e1c9013b8c4dade17d481164aa517d1d7148619c2cedbf/markdown_it_py-4.0.0-py3-none-any.whl", hash = "sha256:87327c59b172c5011896038353a81343b6754500a08cd7a4973bb48c6d578147", size = 87321, upload-time = "2025-08-11T12:57:51.923Z" },
]

[package.optional-dependencies]
linkify = [
    { name = "linkify-it-py" },
]

[[package]]
name = "mdit-py-plugins"
version = "0.5.0"
source = { registry = "https://pypi.org/simple" }
dependencies = [
    { name = "markdown-it-py" },
]
sdist = { url = "https://files.pythonhosted.org/packages/b2/fd/a756d36c0bfba5f6e39a1cdbdbfdd448dc02692467d83816dff4592a1ebc/mdit_py_plugins-0.5.0.tar.gz", hash = "sha256:f4918cb50119f50446560513a8e311d574ff6aaed72606ddae6d35716fe809c6", size = 44655, upload-time = "2025-08-11T07:25:49.083Z" }
wheels = [
    { url = "https://files.pythonhosted.org/packages/fb/86/dd6e5db36df29e76c7a7699123569a4a18c1623ce68d826ed96c62643cae/mdit_py_plugins-0.5.0-py3-none-any.whl", hash = "sha256:07a08422fc1936a5d26d146759e9155ea466e842f5ab2f7d2266dd084c8dab1f", size = 57205, upload-time = "2025-08-11T07:25:47.597Z" },
]

[[package]]
name = "mdurl"
version = "0.1.2"
source = { registry = "https://pypi.org/simple" }
sdist = { url = "https://files.pythonhosted.org/packages/d6/54/cfe61301667036ec958cb99bd3efefba235e65cdeb9c84d24a8293ba1d90/mdurl-0.1.2.tar.gz", hash = "sha256:bb413d29f5eea38f31dd4754dd7377d4465116fb207585f97bf925588687c1ba", size = 8729, upload-time = "2022-08-14T12:40:10.846Z" }
wheels = [
    { url = "https://files.pythonhosted.org/packages/b3/38/89ba8ad64ae25be8de66a6d463314cf1eb366222074cfda9ee839c56a4b4/mdurl-0.1.2-py3-none-any.whl", hash = "sha256:84008a41e51615a49fc9966191ff91509e3c40b939176e643fd50a5c2196b8f8", size = 9979, upload-time = "2022-08-14T12:40:09.779Z" },
]

[[package]]
name = "platformdirs"
version = "4.9.6"
source = { registry = "https://pypi.org/simple" }
sdist = { url = "https://files.pythonhosted.org/packages/9f/4a/0883b8e3802965322523f0b200ecf33d31f10991d0401162f4b23c698b42/platformdirs-4.9.6.tar.gz", hash = "sha256:3bfa75b0ad0db84096ae777218481852c0ebc6c727b3168c1b9e0118e458cf0a", size = 29400, upload-time = "2026-04-09T00:04:10.812Z" }
wheels = [
    { url = "https://files.pythonhosted.org/packages/75/a6/a0a304dc33b49145b21f4808d763822111e67d1c3a32b524a1baf947b6e1/platformdirs-4.9.6-py3-none-any.whl", hash = "sha256:e61adb1d5e5cb3441b4b7710bea7e4c12250ca49439228cc1021c00dcfac0917", size = 21348, upload-time = "2026-04-09T00:04:09.463Z" },
]

[[package]]
name = "playwright"
version = "1.58.0"
source = { registry = "https://pypi.org/simple" }
dependencies = [
    { name = "greenlet" },
    { name = "pyee" },
]
wheels = [
    { url = "https://files.pythonhosted.org/packages/f8/c9/9c6061d5703267f1baae6a4647bfd1862e386fbfdb97d889f6f6ae9e3f64/playwright-1.58.0-py3-none-macosx_10_13_x86_64.whl", hash = "sha256:96e3204aac292ee639edbfdef6298b4be2ea0a55a16b7068df91adac077cc606", size = 42251098, upload-time = "2026-01-30T15:09:24.028Z" },
    { url = "https://files.pythonhosted.org/packages/e0/40/59d34a756e02f8c670f0fee987d46f7ee53d05447d43cd114ca015cb168c/playwright-1.58.0-py3-none-macosx_11_0_arm64.whl", hash = "sha256:70c763694739d28df71ed578b9c8202bb83e8fe8fb9268c04dd13afe36301f71", size = 41039625, upload-time = "2026-01-30T15:09:27.558Z" },
    { url = "https://files.pythonhosted.org/packages/e1/ee/3ce6209c9c74a650aac9028c621f357a34ea5cd4d950700f8e2c4b7fe2c4/playwright-1.58.0-py3-none-macosx_11_0_universal2.whl", hash = "sha256:185e0132578733d02802dfddfbbc35f42be23a45ff49ccae5081f25952238117", size = 42251098, upload-time = "2026-01-30T15:09:30.461Z" },
    { url = "https://files.pythonhosted.org/packages/f1/af/009958cbf23fac551a940d34e3206e6c7eed2b8c940d0c3afd1feb0b0589/playwright-1.58.0-py3-none-manylinux1_x86_64.whl", hash = "sha256:c95568ba1eda83812598c1dc9be60b4406dffd60b149bc1536180ad108723d6b", size = 46235268, upload-time = "2026-01-30T15:09:33.787Z" },
    { url = "https://files.pythonhosted.org/packages/d9/a6/0e66ad04b6d3440dae73efb39540c5685c5fc95b17c8b29340b62abbd952/playwright-1.58.0-py3-none-manylinux_2_17_aarch64.manylinux2014_aarch64.whl", hash = "sha256:8f9999948f1ab541d98812de25e3a8c410776aa516d948807140aff797b4bffa", size = 45964214, upload-time = "2026-01-30T15:09:36.751Z" },
    { url = "https://files.pythonhosted.org/packages/0e/4b/236e60ab9f6d62ed0fd32150d61f1f494cefbf02304c0061e78ed80c1c32/playwright-1.58.0-py3-none-win32.whl", hash = "sha256:1e03be090e75a0fabbdaeab65ce17c308c425d879fa48bb1d7986f96bfad0b99", size = 36815998, upload-time = "2026-01-30T15:09:39.627Z" },
    { url = "https://files.pythonhosted.org/packages/41/f8/5ec599c5e59d2f2f336a05b4f318e733077cd5044f24adb6f86900c3e6a7/playwright-1.58.0-py3-none-win_amd64.whl", hash = "sha256:a2bf639d0ce33b3ba38de777e08697b0d8f3dc07ab6802e4ac53fb65e3907af8", size = 36816005, upload-time = "2026-01-30T15:09:42.449Z" },
    { url = "https://files.pythonhosted.org/packages/c8/c4/cc0229fea55c87d6c9c67fe44a21e2cd28d1d558a5478ed4d617e9fb0c93/playwright-1.58.0-py3-none-win_arm64.whl", hash = "sha256:32ffe5c303901a13a0ecab91d1c3f74baf73b84f4bedbb6b935f5bc11cc98e1b", size = 33085919, upload-time = "2026-01-30T15:09:45.71Z" },
]

[[package]]
name = "pyee"
version = "13.0.1"
source = { registry = "https://pypi.org/simple" }
dependencies = [
    { name = "typing-extensions" },
]
sdist = { url = "https://files.pythonhosted.org/packages/8b/04/e7c1fe4dc78a6fdbfd6c337b1c3732ff543b8a397683ab38378447baa331/pyee-13.0.1.tar.gz", hash = "sha256:0b931f7c14535667ed4c7e0d531716368715e860b988770fc7eb8578d1f67fc8", size = 31655, upload-time = "2026-02-14T21:12:28.044Z" }
wheels = [
    { url = "https://files.pythonhosted.org/packages/a0/c4/b4d4827c93ef43c01f599ef31453ccc1c132b353284fc6c87d535c233129/pyee-13.0.1-py3-none-any.whl", hash = "sha256:af2f8fede4171ef667dfded53f96e2ed0d6e6bd7ee3bb46437f77e3b57689228", size = 15659, upload-time = "2026-02-14T21:12:26.263Z" },
]

[[package]]
name = "pygments"
version = "2.20.0"
source = { registry = "https://pypi.org/simple" }
sdist = { url = "https://files.pythonhosted.org/packages/c3/b2/bc9c9196916376152d655522fdcebac55e66de6603a76a02bca1b6414f6c/pygments-2.20.0.tar.gz", hash = "sha256:6757cd03768053ff99f3039c1a36d6c0aa0b263438fcab17520b30a303a82b5f", size = 4955991, upload-time = "2026-03-29T13:29:33.898Z" }
wheels = [
    { url = "https://files.pythonhosted.org/packages/f4/7e/a72dd26f3b0f4f2bf1dd8923c85f7ceb43172af56d63c7383eb62b332364/pygments-2.20.0-py3-none-any.whl", hash = "sha256:81a9e26dd42fd28a23a2d169d86d7ac03b46e2f8b59ed4698fb4785f946d0176", size = 1231151, upload-time = "2026-03-29T13:29:30.038Z" },
]

[[package]]
name = "reva"
version = "0.1.0"
source = { editable = "cli" }
dependencies = [
    { name = "click" },
    { name = "textual" },
    { name = "tomli", marker = "python_full_version < '3.11'" },
]

[package.metadata]
requires-dist = [
    { name = "click", specifier = ">=8.0" },
    { name = "textual", specifier = ">=0.70" },
    { name = "tomli", marker = "python_full_version < '3.11'", specifier = ">=2.0" },
]

[[package]]
name = "rich"
version = "14.3.3"
source = { registry = "https://pypi.org/simple" }
dependencies = [
    { name = "markdown-it-py" },
    { name = "pygments" },
]
sdist = { url = "https://files.pythonhosted.org/packages/b3/c6/f3b320c27991c46f43ee9d856302c70dc2d0fb2dba4842ff739d5f46b393/rich-14.3.3.tar.gz", hash = "sha256:b8daa0b9e4eef54dd8cf7c86c03713f53241884e814f4e2f5fb342fe520f639b", size = 230582, upload-time = "2026-02-19T17:23:12.474Z" }
wheels = [
    { url = "https://files.pythonhosted.org/packages/14/25/b208c5683343959b670dc001595f2f3737e051da617f66c31f7c4fa93abc/rich-14.3.3-py3-none-any.whl", hash = "sha256:793431c1f8619afa7d3b52b2cdec859562b950ea0d4b6b505397612db8d5362d", size = 310458, upload-time = "2026-02-19T17:23:13.732Z" },
]

[[package]]
name = "textual"
version = "8.2.3"
source = { registry = "https://pypi.org/simple" }
dependencies = [
    { name = "markdown-it-py", extra = ["linkify"] },
    { name = "mdit-py-plugins" },
    { name = "platformdirs" },
    { name = "pygments" },
    { name = "rich" },
    { name = "typing-extensions" },
]
sdist = { url = "https://files.pythonhosted.org/packages/cf/2f/d44f0f12b3ddb1f0b88f7775652e99c6b5a43fd733badf4ce064bdbfef4a/textual-8.2.3.tar.gz", hash = "sha256:beea7b86b03b03558a2224f0cc35252e60ef8b0c4353b117b2f40972902d976a", size = 1848738, upload-time = "2026-04-05T09:12:45.338Z" }
wheels = [
    { url = "https://files.pythonhosted.org/packages/0e/28/a81d6ce9f4804818bd1231a9a6e4d56ea84ebbe8385c49591444f0234fa2/textual-8.2.3-py3-none-any.whl", hash = "sha256:5008ac581bebf1f6fa0520404261844a231e5715fdbddd10ca73916a3af48ca2", size = 724231, upload-time = "2026-04-05T09:12:48.747Z" },
]

[[package]]
name = "tomli"
version = "2.4.1"
source = { registry = "https://pypi.org/simple" }
sdist = { url = "https://files.pythonhosted.org/packages/22/de/48c59722572767841493b26183a0d1cc411d54fd759c5607c4590b6563a6/tomli-2.4.1.tar.gz", hash = "sha256:7c7e1a961a0b2f2472c1ac5b69affa0ae1132c39adcb67aba98568702b9cc23f", size = 17543, upload-time = "2026-03-25T20:22:03.828Z" }
wheels = [
    { url = "https://files.pythonhosted.org/packages/f4/11/db3d5885d8528263d8adc260bb2d28ebf1270b96e98f0e0268d32b8d9900/tomli-2.4.1-cp311-cp311-macosx_10_9_x86_64.whl", hash = "sha256:f8f0fc26ec2cc2b965b7a3b87cd19c5c6b8c5e5f436b984e85f486d652285c30", size = 154704, upload-time = "2026-03-25T20:21:10.473Z" },
    { url = "https://files.pythonhosted.org/packages/6d/f7/675db52c7e46064a9aa928885a9b20f4124ecb9bc2e1ce74c9106648d202/tomli-2.4.1-cp311-cp311-macosx_11_0_arm64.whl", hash = "sha256:4ab97e64ccda8756376892c53a72bd1f964e519c77236368527f758fbc36a53a", size = 149454, upload-time = "2026-03-25T20:21:12.036Z" },
    { url = "https://files.pythonhosted.org/packages/61/71/81c50943cf953efa35bce7646caab3cf457a7d8c030b27cfb40d7235f9ee/tomli-2.4.1-cp311-cp311-manylinux2014_aarch64.manylinux_2_17_aarch64.manylinux_2_28_aarch64.whl", hash = "sha256:96481a5786729fd470164b47cdb3e0e58062a496f455ee41b4403be77cb5a076", size = 237561, upload-time = "2026-03-25T20:21:13.098Z" },
    { url = "https://files.pythonhosted.org/packages/48/c1/f41d9cb618acccca7df82aaf682f9b49013c9397212cb9f53219e3abac37/tomli-2.4.1-cp311-cp311-manylinux2014_x86_64.manylinux_2_17_x86_64.manylinux_2_28_x86_64.whl", hash = "sha256:5a881ab208c0baf688221f8cecc5401bd291d67e38a1ac884d6736cbcd8247e9", size = 243824, upload-time = "2026-03-25T20:21:14.569Z" },
    { url = "https://files.pythonhosted.org/packages/22/e4/5a816ecdd1f8ca51fb756ef684b90f2780afc52fc67f987e3c61d800a46d/tomli-2.4.1-cp311-cp311-musllinux_1_2_aarch64.whl", hash = "sha256:47149d5bd38761ac8be13a84864bf0b7b70bc051806bc3669ab1cbc56216b23c", size = 242227, upload-time = "2026-03-25T20:21:15.712Z" },
    { url = "https://files.pythonhosted.org/packages/6b/49/2b2a0ef529aa6eec245d25f0c703e020a73955ad7edf73e7f54ddc608aa5/tomli-2.4.1-cp311-cp311-musllinux_1_2_x86_64.whl", hash = "sha256:ec9bfaf3ad2df51ace80688143a6a4ebc09a248f6ff781a9945e51937008fcbc", size = 247859, upload-time = "2026-03-25T20:21:17.001Z" },
    { url = "https://files.pythonhosted.org/packages/83/bd/6c1a630eaca337e1e78c5903104f831bda934c426f9231429396ce3c3467/tomli-2.4.1-cp311-cp311-win32.whl", hash = "sha256:ff2983983d34813c1aeb0fa89091e76c3a22889ee83ab27c5eeb45100560c049", size = 97204, upload-time = "2026-03-25T20:21:18.079Z" },
    { url = "https://files.pythonhosted.org/packages/42/59/71461df1a885647e10b6bb7802d0b8e66480c61f3f43079e0dcd315b3954/tomli-2.4.1-cp311-cp311-win_amd64.whl", hash = "sha256:5ee18d9ebdb417e384b58fe414e8d6af9f4e7a0ae761519fb50f721de398dd4e", size = 108084, upload-time = "2026-03-25T20:21:18.978Z" },
    { url = "https://files.pythonhosted.org/packages/b8/83/dceca96142499c069475b790e7913b1044c1a4337e700751f48ed723f883/tomli-2.4.1-cp311-cp311-win_arm64.whl", hash = "sha256:c2541745709bad0264b7d4705ad453b76ccd191e64aa6f0fc66b69a293a45ece", size = 95285, upload-time = "2026-03-25T20:21:20.309Z" },
    { url = "https://files.pythonhosted.org/packages/c1/ba/42f134a3fe2b370f555f44b1d72feebb94debcab01676bf918d0cb70e9aa/tomli-2.4.1-cp312-cp312-macosx_10_13_x86_64.whl", hash = "sha256:c742f741d58a28940ce01d58f0ab2ea3ced8b12402f162f4d534dfe18ba1cd6a", size = 155924, upload-time = "2026-03-25T20:21:21.626Z" },
    { url = "https://files.pythonhosted.org/packages/dc/c7/62d7a17c26487ade21c5422b646110f2162f1fcc95980ef7f63e73c68f14/tomli-2.4.1-cp312-cp312-macosx_11_0_arm64.whl", hash = "sha256:7f86fd587c4ed9dd76f318225e7d9b29cfc5a9d43de44e5754db8d1128487085", size = 150018, upload-time = "2026-03-25T20:21:23.002Z" },
    { url = "https://files.pythonhosted.org/packages/5c/05/79d13d7c15f13bdef410bdd49a6485b1c37d28968314eabee452c22a7fda/tomli-2.4.1-cp312-cp312-manylinux2014_aarch64.manylinux_2_17_aarch64.manylinux_2_28_aarch64.whl", hash = "sha256:ff18e6a727ee0ab0388507b89d1bc6a22b138d1e2fa56d1ad494586d61d2eae9", size = 244948, upload-time = "2026-03-25T20:21:24.04Z" },
    { url = "https://files.pythonhosted.org/packages/10/90/d62ce007a1c80d0b2c93e02cab211224756240884751b94ca72df8a875ca/tomli-2.4.1-cp312-cp312-manylinux2014_x86_64.manylinux_2_17_x86_64.manylinux_2_28_x86_64.whl", hash = "sha256:136443dbd7e1dee43c68ac2694fde36b2849865fa258d39bf822c10e8068eac5", size = 253341, upload-time = "2026-03-25T20:21:25.177Z" },
    { url = "https://files.pythonhosted.org/packages/1a/7e/caf6496d60152ad4ed09282c1885cca4eea150bfd007da84aea07bcc0a3e/tomli-2.4.1-cp312-cp312-musllinux_1_2_aarch64.whl", hash = "sha256:5e262d41726bc187e69af7825504c933b6794dc3fbd5945e41a79bb14c31f585", size = 248159, upload-time = "2026-03-25T20:21:26.364Z" },
    { url = "https://files.pythonhosted.org/packages/99/e7/c6f69c3120de34bbd882c6fba7975f3d7a746e9218e56ab46a1bc4b42552/tomli-2.4.1-cp312-cp312-musllinux_1_2_x86_64.whl", hash = "sha256:5cb41aa38891e073ee49d55fbc7839cfdb2bc0e600add13874d048c94aadddd1", size = 253290, upload-time = "2026-03-25T20:21:27.46Z" },
    { url = "https://files.pythonhosted.org/packages/d6/2f/4a3c322f22c5c66c4b836ec58211641a4067364f5dcdd7b974b4c5da300c/tomli-2.4.1-cp312-cp312-win32.whl", hash = "sha256:da25dc3563bff5965356133435b757a795a17b17d01dbc0f42fb32447ddfd917", size = 98141, upload-time = "2026-03-25T20:21:28.492Z" },
    { url = "https://files.pythonhosted.org/packages/24/22/4daacd05391b92c55759d55eaee21e1dfaea86ce5c571f10083360adf534/tomli-2.4.1-cp312-cp312-win_amd64.whl", hash = "sha256:52c8ef851d9a240f11a88c003eacb03c31fc1c9c4ec64a99a0f922b93874fda9", size = 108847, upload-time = "2026-03-25T20:21:29.386Z" },
    { url = "https://files.pythonhosted.org/packages/68/fd/70e768887666ddd9e9f5d85129e84910f2db2796f9096aa02b721a53098d/tomli-2.4.1-cp312-cp312-win_arm64.whl", hash = "sha256:f758f1b9299d059cc3f6546ae2af89670cb1c4d48ea29c3cacc4fe7de3058257", size = 95088, upload-time = "2026-03-25T20:21:30.677Z" },
    { url = "https://files.pythonhosted.org/packages/07/06/b823a7e818c756d9a7123ba2cda7d07bc2dd32835648d1a7b7b7a05d848d/tomli-2.4.1-cp313-cp313-macosx_10_13_x86_64.whl", hash = "sha256:36d2bd2ad5fb9eaddba5226aa02c8ec3fa4f192631e347b3ed28186d43be6b54", size = 155866, upload-time = "2026-03-25T20:21:31.65Z" },
    { url = "https://files.pythonhosted.org/packages/14/6f/12645cf7f08e1a20c7eb8c297c6f11d31c1b50f316a7e7e1e1de6e2e7b7e/tomli-2.4.1-cp313-cp313-macosx_11_0_arm64.whl", hash = "sha256:eb0dc4e38e6a1fd579e5d50369aa2e10acfc9cace504579b2faabb478e76941a", size = 149887, upload-time = "2026-03-25T20:21:33.028Z" },
    { url = "https://files.pythonhosted.org/packages/5c/e0/90637574e5e7212c09099c67ad349b04ec4d6020324539297b634a0192b0/tomli-2.4.1-cp313-cp313-manylinux2014_aarch64.manylinux_2_17_aarch64.manylinux_2_28_aarch64.whl", hash = "sha256:c7f2c7f2b9ca6bdeef8f0fa897f8e05085923eb091721675170254cbc5b02897", size = 243704, upload-time = "2026-03-25T20:21:34.51Z" },
    { url = "https://files.pythonhosted.org/packages/10/8f/d3ddb16c5a4befdf31a23307f72828686ab2096f068eaf56631e136c1fdd/tomli-2.4.1-cp313-cp313-manylinux2014_x86_64.manylinux_2_17_x86_64.manylinux_2_28_x86_64.whl", hash = "sha256:f3c6818a1a86dd6dca7ddcaaf76947d5ba31aecc28cb1b67009a5877c9a64f3f", size = 251628, upload-time = "2026-03-25T20:21:36.012Z" },
    { url = "https://files.pythonhosted.org/packages/e3/f1/dbeeb9116715abee2485bf0a12d07a8f31af94d71608c171c45f64c0469d/tomli-2.4.1-cp313-cp313-musllinux_1_2_aarch64.whl", hash = "sha256:d312ef37c91508b0ab2cee7da26ec0b3ed2f03ce12bd87a588d771ae15dcf82d", size = 247180, upload-time = "2026-03-25T20:21:37.136Z" },
    { url = "https://files.pythonhosted.org/packages/d3/74/16336ffd19ed4da28a70959f92f506233bd7cfc2332b20bdb01591e8b1d1/tomli-2.4.1-cp313-cp313-musllinux_1_2_x86_64.whl", hash = "sha256:51529d40e3ca50046d7606fa99ce3956a617f9b36380da3b7f0dd3dd28e68cb5", size = 251674, upload-time = "2026-03-25T20:21:38.298Z" },
    { url = "https://files.pythonhosted.org/packages/16/f9/229fa3434c590ddf6c0aa9af64d3af4b752540686cace29e6281e3458469/tomli-2.4.1-cp313-cp313-win32.whl", hash = "sha256:2190f2e9dd7508d2a90ded5ed369255980a1bcdd58e52f7fe24b8162bf9fedbd", size = 97976, upload-time = "2026-03-25T20:21:39.316Z" },
    { url = "https://files.pythonhosted.org/packages/6a/1e/71dfd96bcc1c775420cb8befe7a9d35f2e5b1309798f009dca17b7708c1e/tomli-2.4.1-cp313-cp313-win_amd64.whl", hash = "sha256:8d65a2fbf9d2f8352685bc1364177ee3923d6baf5e7f43ea4959d7d8bc326a36", size = 108755, upload-time = "2026-03-25T20:21:40.248Z" },
    { url = "https://files.pythonhosted.org/packages/83/7a/d34f422a021d62420b78f5c538e5b102f62bea616d1d75a13f0a88acb04a/tomli-2.4.1-cp313-cp313-win_arm64.whl", hash = "sha256:4b605484e43cdc43f0954ddae319fb75f04cc10dd80d830540060ee7cd0243cd", size = 95265, upload-time = "2026-03-25T20:21:41.219Z" },
    { url = "https://files.pythonhosted.org/packages/3c/fb/9a5c8d27dbab540869f7c1f8eb0abb3244189ce780ba9cd73f3770662072/tomli-2.4.1-cp314-cp314-macosx_10_15_x86_64.whl", hash = "sha256:fd0409a3653af6c147209d267a0e4243f0ae46b011aa978b1080359fddc9b6cf", size = 155726, upload-time = "2026-03-25T20:21:42.23Z" },
    { url = "https://files.pythonhosted.org/packages/62/05/d2f816630cc771ad836af54f5001f47a6f611d2d39535364f148b6a92d6b/tomli-2.4.1-cp314-cp314-macosx_11_0_arm64.whl", hash = "sha256:a120733b01c45e9a0c34aeef92bf0cf1d56cfe81ed9d47d562f9ed591a9828ac", size = 149859, upload-time = "2026-03-25T20:21:43.386Z" },
    { url = "https://files.pythonhosted.org/packages/ce/48/66341bdb858ad9bd0ceab5a86f90eddab127cf8b046418009f2125630ecb/tomli-2.4.1-cp314-cp314-manylinux2014_aarch64.manylinux_2_17_aarch64.manylinux_2_28_aarch64.whl", hash = "sha256:559db847dc486944896521f68d8190be1c9e719fced785720d2216fe7022b662", size = 244713, upload-time = "2026-03-25T20:21:44.474Z" },
    { url = "https://files.pythonhosted.org/packages/df/6d/c5fad00d82b3c7a3ab6189bd4b10e60466f22cfe8a08a9394185c8a8111c/tomli-2.4.1-cp314-cp314-manylinux2014_x86_64.manylinux_2_17_x86_64.manylinux_2_28_x86_64.whl", hash = "sha256:01f520d4f53ef97964a240a035ec2a869fe1a37dde002b57ebc4417a27ccd853", size = 252084, upload-time = "2026-03-25T20:21:45.62Z" },
    { url = "https://files.pythonhosted.org/packages/00/71/3a69e86f3eafe8c7a59d008d245888051005bd657760e96d5fbfb0b740c2/tomli-2.4.1-cp314-cp314-musllinux_1_2_aarch64.whl", hash = "sha256:7f94b27a62cfad8496c8d2513e1a222dd446f095fca8987fceef261225538a15", size = 247973, upload-time = "2026-03-25T20:21:46.937Z" },
    { url = "https://files.pythonhosted.org/packages/67/50/361e986652847fec4bd5e4a0208752fbe64689c603c7ae5ea7cb16b1c0ca/tomli-2.4.1-cp314-cp314-musllinux_1_2_x86_64.whl", hash = "sha256:ede3e6487c5ef5d28634ba3f31f989030ad6af71edfb0055cbbd14189ff240ba", size = 256223, upload-time = "2026-03-25T20:21:48.467Z" },
    { url = "https://files.pythonhosted.org/packages/8c/9a/b4173689a9203472e5467217e0154b00e260621caa227b6fa01feab16998/tomli-2.4.1-cp314-cp314-win32.whl", hash = "sha256:3d48a93ee1c9b79c04bb38772ee1b64dcf18ff43085896ea460ca8dec96f35f6", size = 98973, upload-time = "2026-03-25T20:21:49.526Z" },
    { url = "https://files.pythonhosted.org/packages/14/58/640ac93bf230cd27d002462c9af0d837779f8773bc03dee06b5835208214/tomli-2.4.1-cp314-cp314-win_amd64.whl", hash = "sha256:88dceee75c2c63af144e456745e10101eb67361050196b0b6af5d717254dddf7", size = 109082, upload-time = "2026-03-25T20:21:50.506Z" },
    { url = "https://files.pythonhosted.org/packages/d5/2f/702d5e05b227401c1068f0d386d79a589bb12bf64c3d2c72ce0631e3bc49/tomli-2.4.1-cp314-cp314-win_arm64.whl", hash = "sha256:b8c198f8c1805dc42708689ed6864951fd2494f924149d3e4bce7710f8eb5232", size = 96490, upload-time = "2026-03-25T20:21:51.474Z" },
    { url = "https://files.pythonhosted.org/packages/45/4b/b877b05c8ba62927d9865dd980e34a755de541eb65fffba52b4cc495d4d2/tomli-2.4.1-cp314-cp314t-macosx_10_15_x86_64.whl", hash = "sha256:d4d8fe59808a54658fcc0160ecfb1b30f9089906c50b23bcb4c69eddc19ec2b4", size = 164263, upload-time = "2026-03-25T20:21:52.543Z" },
    { url = "https://files.pythonhosted.org/packages/24/79/6ab420d37a270b89f7195dec5448f79400d9e9c1826df982f3f8e97b24fd/tomli-2.4.1-cp314-cp314t-macosx_11_0_arm64.whl", hash = "sha256:7008df2e7655c495dd12d2a4ad038ff878d4ca4b81fccaf82b714e07eae4402c", size = 160736, upload-time = "2026-03-25T20:21:53.674Z" },
    { url = "https://files.pythonhosted.org/packages/02/e0/3630057d8eb170310785723ed5adcdfb7d50cb7e6455f85ba8a3deed642b/tomli-2.4.1-cp314-cp314t-manylinux2014_aarch64.manylinux_2_17_aarch64.manylinux_2_28_aarch64.whl", hash = "sha256:1d8591993e228b0c930c4bb0db464bdad97b3289fb981255d6c9a41aedc84b2d", size = 270717, upload-time = "2026-03-25T20:21:55.129Z" },
    { url = "https://files.pythonhosted.org/packages/7a/b4/1613716072e544d1a7891f548d8f9ec6ce2faf42ca65acae01d76ea06bb0/tomli-2.4.1-cp314-cp314t-manylinux2014_x86_64.manylinux_2_17_x86_64.manylinux_2_28_x86_64.whl", hash = "sha256:734e20b57ba95624ecf1841e72b53f6e186355e216e5412de414e3c51e5e3c41", size = 278461, upload-time = "2026-03-25T20:21:56.228Z" },
    { url = "https://files.pythonhosted.org/packages/05/38/30f541baf6a3f6df77b3df16b01ba319221389e2da59427e221ef417ac0c/tomli-2.4.1-cp314-cp314t-musllinux_1_2_aarch64.whl", hash = "sha256:8a650c2dbafa08d42e51ba0b62740dae4ecb9338eefa093aa5c78ceb546fcd5c", size = 274855, upload-time = "2026-03-25T20:21:57.653Z" },
    { url = "https://files.pythonhosted.org/packages/77/a3/ec9dd4fd2c38e98de34223b995a3b34813e6bdadf86c75314c928350ed14/tomli-2.4.1-cp314-cp314t-musllinux_1_2_x86_64.whl", hash = "sha256:504aa796fe0569bb43171066009ead363de03675276d2d121ac1a4572397870f", size = 283144, upload-time = "2026-03-25T20:21:59.089Z" },
    { url = "https://files.pythonhosted.org/packages/ef/be/605a6261cac79fba2ec0c9827e986e00323a1945700969b8ee0b30d85453/tomli-2.4.1-cp314-cp314t-win32.whl", hash = "sha256:b1d22e6e9387bf4739fbe23bfa80e93f6b0373a7f1b96c6227c32bef95a4d7a8", size = 108683, upload-time = "2026-03-25T20:22:00.214Z" },
    { url = "https://files.pythonhosted.org/packages/12/64/da524626d3b9cc40c168a13da8335fe1c51be12c0a63685cc6db7308daae/tomli-2.4.1-cp314-cp314t-win_amd64.whl", hash = "sha256:2c1c351919aca02858f740c6d33adea0c5deea37f9ecca1cc1ef9e884a619d26", size = 121196, upload-time = "2026-03-25T20:22:01.169Z" },
    { url = "https://files.pythonhosted.org/packages/5a/cd/e80b62269fc78fc36c9af5a6b89c835baa8af28ff5ad28c7028d60860320/tomli-2.4.1-cp314-cp314t-win_arm64.whl", hash = "sha256:eab21f45c7f66c13f2a9e0e1535309cee140182a9cdae1e041d02e47291e8396", size = 100393, upload-time = "2026-03-25T20:22:02.137Z" },
    { url = "https://files.pythonhosted.org/packages/7b/61/cceae43728b7de99d9b847560c262873a1f6c98202171fd5ed62640b494b/tomli-2.4.1-py3-none-any.whl", hash = "sha256:0d85819802132122da43cb86656f8d1f8c6587d54ae7dcaf30e90533028b49fe", size = 14583, upload-time = "2026-03-25T20:22:03.012Z" },
]

[[package]]
name = "typing-extensions"
version = "4.15.0"
source = { registry = "https://pypi.org/simple" }
sdist = { url = "https://files.pythonhosted.org/packages/72/94/1a15dd82efb362ac84269196e94cf00f187f7ed21c242792a923cdb1c61f/typing_extensions-4.15.0.tar.gz", hash = "sha256:0cea48d173cc12fa28ecabc3b837ea3cf6f38c6d1136f85cbaaf598984861466", size = 109391, upload-time = "2025-08-25T13:49:26.313Z" }
wheels = [
    { url = "https://files.pythonhosted.org/packages/18/67/36e9267722cc04a6b9f15c7f3441c2363321a3ea07da7ae0c0707beb2a9c/typing_extensions-4.15.0-py3-none-any.whl", hash = "sha256:f0fa19c6845758ab08074a0cfa8b7aecb71c999ca73d62883bc25cc018c4e548", size = 44614, upload-time = "2025-08-25T13:49:24.86Z" },
]

[[package]]
name = "uc-micro-py"
version = "2.0.0"
source = { registry = "https://pypi.org/simple" }
sdist = { url = "https://files.pythonhosted.org/packages/78/67/9a363818028526e2d4579334460df777115bdec1bb77c08f9db88f6389f2/uc_micro_py-2.0.0.tar.gz", hash = "sha256:c53691e495c8db60e16ffc4861a35469b0ba0821fe409a8a7a0a71864d33a811", size = 6611, upload-time = "2026-03-01T06:31:27.526Z" }
wheels = [
    { url = "https://files.pythonhosted.org/packages/61/73/d21edf5b204d1467e06500080a50f79d49ef2b997c79123a536d4a17d97c/uc_micro_py-2.0.0-py3-none-any.whl", hash = "sha256:3603a3859af53e5a39bc7677713c78ea6589ff188d70f4fee165db88e22b242c", size = 6383, upload-time = "2026-03-01T06:31:26.257Z" },
]
